{
  "current_commit": "ce669b33d135e643cb48dc78b68ac9dbdcf6aedd",
  "working_tree_dirty": true,
  "generation_time": "2026-08-11T01:24:30.061Z",
  "scanned_scope": [
    ".github",
    ".githooks",
    ".agents",
    ".codex-autopilot",
    "backend",
    "deploy",
    "docs",
    "frontend-admin-v2",
    "mobile",
    "packages",
    "plugins",
    "scripts",
    "tools",
    "repository root files"
  ],
  "excluded_directories": [
    "vendor",
    "node_modules",
    "build",
    "dist",
    "target",
    "cache",
    ".cache",
    "generated",
    "coverage",
    "test-results",
    "tmp",
    ".omc",
    ".omo",
    ".opencode",
    ".claude",
    ".mimocode",
    "graphify-out",
    ".sisyphus",
    ".archive",
    "archive",
    "memory",
    "frontend-admin",
    "docs/codemap"
  ],
  "fingerprint_algorithm": {
    "name": "sha256",
    "version": "repo-path-git-object-v3",
    "input": "git tracked and untracked non-ignored paths plus Git-normalized object IDs",
    "path_order": "ordinal case-sensitive",
    "record_format": "P:<utf8-path-byte-length>:<utf8-path>O:<git-object-id-byte-length>:<git-object-id><LF>",
    "untracked_files": "included unless ignored, out of scope, or excluded",
    "self_reference": "docs/codemap excluded"
  },
  "tracked_file_count": 3871,
  "repository_file_count": 3894,
  "included_file_count": 2630,
  "excluded_file_count": 1264,
  "comparison": {
    "previous_lock_found": true,
    "stale_modules": [
      "documentation"
    ],
    "reason": "Current tracked and untracked repository snapshot regenerated before module changes."
  },
  "modules": [
    {
      "id": "agent_platform",
      "scope": [
        ".agents/**",
        ".codex-autopilot/**",
        "plugins/**"
      ],
      "file_count": 87,
      "fingerprint": "4ebaebbfd3495a58d5df421dac061d5900dc3777169da946ada198579a8ff91f"
    },
    {
      "id": "backend",
      "scope": [
        "backend/**"
      ],
      "file_count": 1830,
      "fingerprint": "d9a860bbfd323ae51c366219f5f617c3a36c200f7a3f41ad66277eee1f91a3c3"
    },
    {
      "id": "delivery_tooling",
      "scope": [
        ".github/**",
        ".githooks/**",
        "deploy/**",
        "scripts/**",
        "tools/**"
      ],
      "file_count": 274,
      "fingerprint": "376ce4e94185d14ec0f679f3b08420939b692ede3a483c6dc907b8a8ac6cb972"
    },
    {
      "id": "desktop_launcher",
      "scope": [
        "desktop-launcher/**"
      ],
      "file_count": 17,
      "fingerprint": "e5b23fd46665cbd32adb7f78c1a162735759be8a8e027d49fb957707b287b88f"
    },
    {
      "id": "documentation",
      "scope": [
        "docs/**"
      ],
      "file_count": 129,
      "fingerprint": "0cfeef94a898458d990b0563672f4c996e59d8bb9cd73a00a868ec64769cc983"
    },
    {
      "id": "frontend_v2",
      "scope": [
        "frontend-admin-v2/**"
      ],
      "file_count": 268,
      "fingerprint": "6e9b4f359d373054e25a31bc864c960a21d7287f4b7f8aa94aecb32c2883d812"
    },
    {
      "id": "mobile",
      "scope": [
        "mobile/**"
      ],
      "file_count": 0,
      "fingerprint": "e3b0c44298fc1c149afbf4c8996fb92427ae41e4649b934ca495991b7852b855"
    },
    {
      "id": "repository_meta",
      "scope": [
        "tracked and untracked repository root files"
      ],
      "file_count": 6,
      "fingerprint": "e3cd818c383b7c20adf681ad9256a45f1fd528cf97f827322aa80a9a0a818c36"
    },
    {
      "id": "shared_packages",
      "scope": [
        "packages/**"
      ],
      "file_count": 19,
      "fingerprint": "f85a8f7654f9d07e8942b082ddf43ee4bd3f6a13861c507e52a51d16b751303f"
    }
  ]
}
