{
  "generation_time": "2026-08-12T09:06:27.196Z",
  "scanned_scope": [
    ".github",
    ".githooks",
    ".agents",
    ".codex-autopilot",
    "backend",
    "deploy",
    "docs",
    "frontend-admin-v2",
    "mobile",
    "packages",
    "plugins",
    "scripts",
    "tools",
    "repository root files"
  ],
  "excluded_directories": [
    "vendor",
    "node_modules",
    "build",
    "dist",
    "target",
    "cache",
    ".cache",
    "generated",
    "coverage",
    "test-results",
    "tmp",
    ".omc",
    ".omo",
    ".opencode",
    ".claude",
    ".mimocode",
    "graphify-out",
    ".sisyphus",
    ".archive",
    "archive",
    "memory",
    "frontend-admin",
    "docs/codemap"
  ],
  "fingerprint_algorithm": {
    "name": "sha256",
    "version": "repo-path-git-object-v3",
    "input": "git tracked and untracked non-ignored paths plus Git-normalized object IDs",
    "path_order": "ordinal case-sensitive",
    "record_format": "P:<utf8-path-byte-length>:<utf8-path>O:<git-object-id-byte-length>:<git-object-id><LF>",
    "untracked_files": "included unless ignored, out of scope, or excluded",
    "self_reference": "docs/codemap excluded"
  },
  "tracked_file_count": 3932,
  "repository_file_count": 3944,
  "included_file_count": 2680,
  "excluded_file_count": 1264,
  "modules": [
    {
      "id": "agent_platform",
      "scope": [
        ".agents/**",
        ".codex-autopilot/**",
        "plugins/**"
      ],
      "file_count": 87,
      "fingerprint": "4ebaebbfd3495a58d5df421dac061d5900dc3777169da946ada198579a8ff91f"
    },
    {
      "id": "backend",
      "scope": [
        "backend/**"
      ],
      "file_count": 1853,
      "fingerprint": "d8d9b58a21075fe1ada5aad1b47c514a30e6a3cde2293f42ae632d63c03235e9"
    },
    {
      "id": "delivery_tooling",
      "scope": [
        ".github/**",
        ".githooks/**",
        "deploy/**",
        "scripts/**",
        "tools/**"
      ],
      "file_count": 282,
      "fingerprint": "a68ff286398ad0680e8461860a2403070f328a12a464b0f2522335c7b3e700cd"
    },
    {
      "id": "desktop_launcher",
      "scope": [
        "desktop-launcher/**"
      ],
      "file_count": 17,
      "fingerprint": "e5b23fd46665cbd32adb7f78c1a162735759be8a8e027d49fb957707b287b88f"
    },
    {
      "id": "documentation",
      "scope": [
        "docs/**"
      ],
      "file_count": 136,
      "fingerprint": "7258e4ae4130a6715db9283966c486dec2a5f77781eb85f8f3a967fb7d45f575"
    },
    {
      "id": "frontend_v2",
      "scope": [
        "frontend-admin-v2/**"
      ],
      "file_count": 280,
      "fingerprint": "961d15664c7c2651135adc50f2c36b5629d45406142c39c3a8803bd8e4801d9c"
    },
    {
      "id": "mobile",
      "scope": [
        "mobile/**"
      ],
      "file_count": 0,
      "fingerprint": "e3b0c44298fc1c149afbf4c8996fb92427ae41e4649b934ca495991b7852b855"
    },
    {
      "id": "repository_meta",
      "scope": [
        "tracked and untracked repository root files"
      ],
      "file_count": 6,
      "fingerprint": "ff5826653ca39404f31bb2c5e72a4e075683143f923a2b2f8c2bf9f50610bb85"
    },
    {
      "id": "shared_packages",
      "scope": [
        "packages/**"
      ],
      "file_count": 19,
      "fingerprint": "e719fda3f054adb4f1e6ace4237decef109220ae0ea7d5efd74254f1f4c42aec"
    }
  ],
  "generation_base_commit": "94fc8bfeb51f68dcc12a028a439515f4c5cd6c32",
  "input_scope_dirty": true,
  "comparison_to_previous_generation": {
    "previous_lock_found": true,
    "previous_generation_base_commit": "94fc8bfeb51f68dcc12a028a439515f4c5cd6c32",
    "stale_modules": [],
    "reason": "Generation inputs match the previous code map snapshot."
  }
}
