{
  "current_commit": "ccfd6c6b62e55e57a2a1e856b9cab1eddebce0dc",
  "working_tree_dirty": false,
  "generation_time": "2026-08-09T21:28:48.385Z",
  "scanned_scope": [
    ".github",
    ".githooks",
    ".agents",
    ".codex-autopilot",
    "backend",
    "deploy",
    "docs",
    "frontend-admin-v2",
    "mobile",
    "packages",
    "plugins",
    "scripts",
    "tools",
    "repository root files"
  ],
  "excluded_directories": [
    "vendor",
    "node_modules",
    "build",
    "dist",
    "target",
    "cache",
    ".cache",
    "generated",
    "coverage",
    "test-results",
    "tmp",
    ".omc",
    ".omo",
    ".opencode",
    ".claude",
    ".mimocode",
    "graphify-out",
    ".sisyphus",
    ".archive",
    "archive",
    "memory",
    "frontend-admin",
    "docs/codemap"
  ],
  "fingerprint_algorithm": {
    "name": "sha256",
    "version": "repo-path-content-v2",
    "input": "git tracked and untracked non-ignored paths plus current working-tree bytes",
    "path_order": "ordinal case-sensitive",
    "record_format": "P:<utf8-path-byte-length>:<utf8-path>C:<content-byte-length>:<raw-content><LF>",
    "untracked_files": "included unless ignored, out of scope, or excluded",
    "self_reference": "docs/codemap excluded"
  },
  "tracked_file_count": 3862,
  "repository_file_count": 3862,
  "included_file_count": 2598,
  "excluded_file_count": 1264,
  "comparison": {
    "previous_lock_found": true,
    "stale_modules": [],
    "reason": "Current snapshot matches previous code map inputs."
  },
  "modules": [
    {
      "id": "agent_platform",
      "scope": [
        ".agents/**",
        ".codex-autopilot/**",
        "plugins/**"
      ],
      "file_count": 86,
      "fingerprint": "6d82f0495f854fea768cbd1cacac1f07d731cbcbdbb7572179fe7a11be8a3655"
    },
    {
      "id": "backend",
      "scope": [
        "backend/**"
      ],
      "file_count": 1797,
      "fingerprint": "75e5bed23412be98631f6e341856e686f904c7b288ae811e7cf24ad259e93e15"
    },
    {
      "id": "delivery_tooling",
      "scope": [
        ".github/**",
        ".githooks/**",
        "deploy/**",
        "scripts/**",
        "tools/**"
      ],
      "file_count": 275,
      "fingerprint": "261efeaf8d9b9c9eeca290cdbeb7d5dbbdb1b15f80b4b53b0efe490b51f56cd9"
    },
    {
      "id": "desktop_launcher",
      "scope": [
        "desktop-launcher/**"
      ],
      "file_count": 17,
      "fingerprint": "2e89390f0d24141eb34238c53d5c8963da92bc63d4912b25c22ce43ad19ab709"
    },
    {
      "id": "documentation",
      "scope": [
        "docs/**"
      ],
      "file_count": 127,
      "fingerprint": "266da175af3884b7e6361376fec448224b819c66db544df9b40266051ccb18af"
    },
    {
      "id": "frontend_v2",
      "scope": [
        "frontend-admin-v2/**"
      ],
      "file_count": 271,
      "fingerprint": "0c2bbf12480d4691b50c35abec5efc8a97b78b6d2edf7440ff38726f8d907f4c"
    },
    {
      "id": "mobile",
      "scope": [
        "mobile/**"
      ],
      "file_count": 0,
      "fingerprint": "e3b0c44298fc1c149afbf4c8996fb92427ae41e4649b934ca495991b7852b855"
    },
    {
      "id": "repository_meta",
      "scope": [
        "tracked and untracked repository root files"
      ],
      "file_count": 6,
      "fingerprint": "c943f662cda226b726327253af0693ca7cae7e1eb947a8d9d947baea620a0e3c"
    },
    {
      "id": "shared_packages",
      "scope": [
        "packages/**"
      ],
      "file_count": 19,
      "fingerprint": "8f6204efd97703e4f4d4a9724ce2bb28092bfd9d2ca51f015e7549c3e47f664a"
    }
  ]
}
